
Microsoft Visual Studio Solution File, Format Version 12.00
Project("{FAE04EC0-301F-11D3-BF4B-00C04F79EFBC}") = "TypeOfShape.Core", "TypeOfShape.Core\TypeOfShape.Core.csproj", "{7971E46E-B149-4537-B611-8039B7E0185B}"
EndProject
Project("{FAE04EC0-301F-11D3-BF4B-00C04F79EFBC}") = "TypeOfShape.Api", "TypeOfShape.Api\TypeOfShape.Api.csproj", "{F70174D3-89B7-4F12-9738-AE2B5DAA20B4}"
EndProject
Project("{FAE04EC0-301F-11D3-BF4B-00C04F79EFBC}") = "TypeOfShape.Core.Tests", "TypeOfShape.Core.Tests\TypeOfShape.Core.Tests.csproj", "{BE67C4AA-1DC6-4965-96C5-F309932B5B95}"
EndProject
Project("{2150E333-8FDC-42A3-9474-1A3956D46DE8}") = "src", "src", "{366DFD16-E5BC-4E93-A8BF-96DB52006B6D}"
EndProject
Project("{2150E333-8FDC-42A3-9474-1A3956D46DE8}") = "tests", "tests", "{1E2FA472-355B-4250-AC61-DE0484D886BF}"
EndProject
Project("{FAE04EC0-301F-11D3-BF4B-00C04F79EFBC}") = "TypeOfShape.AcceptanceTests", "TypeOfShape.AcceptanceTests\TypeOfShape.AcceptanceTests.csproj", "{67806E38-CB40-4F18-BA90-0256965B4EE5}"
EndProject
Project("{FAE04EC0-301F-11D3-BF4B-00C04F79EFBC}") = "TypeOfShape.Contracts", "TypeOfShape.Contracts\TypeOfShape.Contracts.csproj", "{B075BBF3-D489-4A1A-BDEC-A7E326D72164}"
EndProject
Project("{FAE04EC0-301F-11D3-BF4B-00C04F79EFBC}") = "TypeOfShape.Api.Tests", "TypeOfShape.Api.Tests\TypeOfShape.Api.Tests.csproj", "{66451B55-0B8A-4E61-8285-B21D44ACE10B}"
EndProject
Global
	GlobalSection(SolutionConfigurationPlatforms) = preSolution
		Debug|Any CPU = Debug|Any CPU
		Release|Any CPU = Release|Any CPU
	EndGlobalSection
	GlobalSection(ProjectConfigurationPlatforms) = postSolution
		{7971E46E-B149-4537-B611-8039B7E0185B}.Debug|Any CPU.ActiveCfg = Debug|Any CPU
		{7971E46E-B149-4537-B611-8039B7E0185B}.Debug|Any CPU.Build.0 = Debug|Any CPU
		{7971E46E-B149-4537-B611-8039B7E0185B}.Release|Any CPU.ActiveCfg = Release|Any CPU
		{7971E46E-B149-4537-B611-8039B7E0185B}.Release|Any CPU.Build.0 = Release|Any CPU
		{F70174D3-89B7-4F12-9738-AE2B5DAA20B4}.Debug|Any CPU.ActiveCfg = Debug|Any CPU
		{F70174D3-89B7-4F12-9738-AE2B5DAA20B4}.Debug|Any CPU.Build.0 = Debug|Any CPU
		{F70174D3-89B7-4F12-9738-AE2B5DAA20B4}.Release|Any CPU.ActiveCfg = Release|Any CPU
		{F70174D3-89B7-4F12-9738-AE2B5DAA20B4}.Release|Any CPU.Build.0 = Release|Any CPU
		{BE67C4AA-1DC6-4965-96C5-F309932B5B95}.Debug|Any CPU.ActiveCfg = Debug|Any CPU
		{BE67C4AA-1DC6-4965-96C5-F309932B5B95}.Debug|Any CPU.Build.0 = Debug|Any CPU
		{BE67C4AA-1DC6-4965-96C5-F309932B5B95}.Release|Any CPU.ActiveCfg = Release|Any CPU
		{BE67C4AA-1DC6-4965-96C5-F309932B5B95}.Release|Any CPU.Build.0 = Release|Any CPU
		{67806E38-CB40-4F18-BA90-0256965B4EE5}.Debug|Any CPU.ActiveCfg = Debug|Any CPU
		{67806E38-CB40-4F18-BA90-0256965B4EE5}.Debug|Any CPU.Build.0 = Debug|Any CPU
		{67806E38-CB40-4F18-BA90-0256965B4EE5}.Release|Any CPU.ActiveCfg = Release|Any CPU
		{67806E38-CB40-4F18-BA90-0256965B4EE5}.Release|Any CPU.Build.0 = Release|Any CPU
		{B075BBF3-D489-4A1A-BDEC-A7E326D72164}.Debug|Any CPU.ActiveCfg = Debug|Any CPU
		{B075BBF3-D489-4A1A-BDEC-A7E326D72164}.Debug|Any CPU.Build.0 = Debug|Any CPU
		{B075BBF3-D489-4A1A-BDEC-A7E326D72164}.Release|Any CPU.ActiveCfg = Release|Any CPU
		{B075BBF3-D489-4A1A-BDEC-A7E326D72164}.Release|Any CPU.Build.0 = Release|Any CPU
		{66451B55-0B8A-4E61-8285-B21D44ACE10B}.Debug|Any CPU.ActiveCfg = Debug|Any CPU
		{66451B55-0B8A-4E61-8285-B21D44ACE10B}.Debug|Any CPU.Build.0 = Debug|Any CPU
		{66451B55-0B8A-4E61-8285-B21D44ACE10B}.Release|Any CPU.ActiveCfg = Release|Any CPU
		{66451B55-0B8A-4E61-8285-B21D44ACE10B}.Release|Any CPU.Build.0 = Release|Any CPU
	EndGlobalSection
	GlobalSection(NestedProjects) = preSolution
		{F70174D3-89B7-4F12-9738-AE2B5DAA20B4} = {366DFD16-E5BC-4E93-A8BF-96DB52006B6D}
		{7971E46E-B149-4537-B611-8039B7E0185B} = {366DFD16-E5BC-4E93-A8BF-96DB52006B6D}
		{BE67C4AA-1DC6-4965-96C5-F309932B5B95} = {1E2FA472-355B-4250-AC61-DE0484D886BF}
		{67806E38-CB40-4F18-BA90-0256965B4EE5} = {1E2FA472-355B-4250-AC61-DE0484D886BF}
		{B075BBF3-D489-4A1A-BDEC-A7E326D72164} = {366DFD16-E5BC-4E93-A8BF-96DB52006B6D}
		{66451B55-0B8A-4E61-8285-B21D44ACE10B} = {1E2FA472-355B-4250-AC61-DE0484D886BF}
	EndGlobalSection
EndGlobal
